<?xml version="1.0" encoding="utf-8"?>
<Project ToolsVersion="18.0" xmlns="http://schemas.microsoft.com/developer/msbuild/2003">
  <ItemGroup>
    <ClCompile Include="C:\Users\anhqu\source\repos\Computer-Graphics-I-Theoretical-Assignment-3\uebung_03_autogen\mocs_compilation_Debug.cpp">
      <Filter>Source Files</Filter>
    </ClCompile>
    <ClCompile Include="C:\Users\anhqu\source\repos\Computer-Graphics-I-Theoretical-Assignment-3\main.cpp">
      <Filter>Source Files</Filter>
    </ClCompile>
    <ClCompile Include="C:\Users\anhqu\source\repos\Computer-Graphics-I-Theoretical-Assignment-3\mainwindow.cpp">
      <Filter>Source Files</Filter>
    </ClCompile>
    <ClCompile Include="C:\Users\anhqu\source\repos\Computer-Graphics-I-Theoretical-Assignment-3\openglview.cpp">
      <Filter>Source Files</Filter>
    </ClCompile>
    <ClCompile Include="C:\Users\anhqu\source\repos\Computer-Graphics-I-Theoretical-Assignment-3\trianglemesh.cpp">
      <Filter>Source Files</Filter>
    </ClCompile>
    <ClCompile Include="C:\Users\anhqu\source\repos\Computer-Graphics-I-Theoretical-Assignment-3\utilities.cpp">
      <Filter>Source Files</Filter>
    </ClCompile>
    <ClCompile Include="C:\Users\anhqu\source\repos\Computer-Graphics-I-Theoretical-Assignment-3\shader.cpp">
      <Filter>Source Files</Filter>
    </ClCompile>
    <ClCompile Include="C:\Users\anhqu\source\repos\Computer-Graphics-I-Theoretical-Assignment-3\uebung_03_autogen\mocs_compilation_Release.cpp">
      <Filter>Source Files</Filter>
    </ClCompile>
    <ClCompile Include="C:\Users\anhqu\source\repos\Computer-Graphics-I-Theoretical-Assignment-3\uebung_03_autogen\mocs_compilation_MinSizeRel.cpp">
      <Filter>Source Files</Filter>
    </ClCompile>
    <ClCompile Include="C:\Users\anhqu\source\repos\Computer-Graphics-I-Theoretical-Assignment-3\uebung_03_autogen\mocs_compilation_RelWithDebInfo.cpp">
      <Filter>Source Files</Filter>
    </ClCompile>
  </ItemGroup>
  <ItemGroup>
    <ClInclude Include="C:\Users\anhqu\source\repos\Computer-Graphics-I-Theoretical-Assignment-3\mainwindow.h">
      <Filter>Header Files</Filter>
    </ClInclude>
    <ClInclude Include="C:\Users\anhqu\source\repos\Computer-Graphics-I-Theoretical-Assignment-3\openglview.h">
      <Filter>Header Files</Filter>
    </ClInclude>
    <ClInclude Include="C:\Users\anhqu\source\repos\Computer-Graphics-I-Theoretical-Assignment-3\trianglemesh.h">
      <Filter>Header Files</Filter>
    </ClInclude>
    <ClInclude Include="C:\Users\anhqu\source\repos\Computer-Graphics-I-Theoretical-Assignment-3\vec3.h">
      <Filter>Header Files</Filter>
    </ClInclude>
    <ClInclude Include="C:\Users\anhqu\source\repos\Computer-Graphics-I-Theoretical-Assignment-3\shader.h">
      <Filter>Header Files</Filter>
    </ClInclude>
    <ClInclude Include="C:\Users\anhqu\source\repos\Computer-Graphics-I-Theoretical-Assignment-3\utilities.h">
      <Filter>Header Files</Filter>
    </ClInclude>
    <ClInclude Include="C:\Users\anhqu\source\repos\Computer-Graphics-I-Theoretical-Assignment-3\renderstate.h">
      <Filter>Header Files</Filter>
    </ClInclude>
    <ClInclude Include="C:\Users\anhqu\source\repos\Computer-Graphics-I-Theoretical-Assignment-3\stb_image.h">
      <Filter>Header Files</Filter>
    </ClInclude>
    <ClInclude Include="C:\Users\anhqu\source\repos\Computer-Graphics-I-Theoretical-Assignment-3\uebung_03_autogen\include_Debug\ui_mainwindow.h">
      <Filter>Header Files</Filter>
    </ClInclude>
    <ClInclude Include="C:\Users\anhqu\source\repos\Computer-Graphics-I-Theoretical-Assignment-3\uebung_03_autogen\include_Release\ui_mainwindow.h">
      <Filter>Header Files</Filter>
    </ClInclude>
    <ClInclude Include="C:\Users\anhqu\source\repos\Computer-Graphics-I-Theoretical-Assignment-3\uebung_03_autogen\include_MinSizeRel\ui_mainwindow.h">
      <Filter>Header Files</Filter>
    </ClInclude>
    <ClInclude Include="C:\Users\anhqu\source\repos\Computer-Graphics-I-Theoretical-Assignment-3\uebung_03_autogen\include_RelWithDebInfo\ui_mainwindow.h">
      <Filter>Header Files</Filter>
    </ClInclude>
  </ItemGroup>
  <ItemGroup>
    <CustomBuild Include="C:\Users\anhqu\source\repos\Computer-Graphics-I-Theoretical-Assignment-3\CMakeFiles\1c712f5ea0717570ad6d56f65894d669\autouic_(CONFIG).stamp.rule">
      <Filter>CMake Rules</Filter>
    </CustomBuild>
    <CustomBuild Include="C:\Users\anhqu\source\repos\Computer-Graphics-I-Theoretical-Assignment-3\CMakeLists.txt" />
  </ItemGroup>
  <ItemGroup>
    <None Include="C:\Users\anhqu\source\repos\Computer-Graphics-I-Theoretical-Assignment-3\mainwindow.ui" />
    <None Include="C:\Users\anhqu\source\repos\Computer-Graphics-I-Theoretical-Assignment-3\uebung_03_autogen\autouic_Debug.stamp" />
    <None Include="C:\Users\anhqu\source\repos\Computer-Graphics-I-Theoretical-Assignment-3\uebung_03_autogen\autouic_Release.stamp" />
    <None Include="C:\Users\anhqu\source\repos\Computer-Graphics-I-Theoretical-Assignment-3\uebung_03_autogen\autouic_MinSizeRel.stamp" />
    <None Include="C:\Users\anhqu\source\repos\Computer-Graphics-I-Theoretical-Assignment-3\uebung_03_autogen\autouic_RelWithDebInfo.stamp" />
  </ItemGroup>
  <ItemGroup>
    <Filter Include="CMake Rules">
      <UniqueIdentifier>{4B26F49F-3A4B-388D-B25D-F89BB342BD1F}</UniqueIdentifier>
    </Filter>
    <Filter Include="Header Files">
      <UniqueIdentifier>{8110BC2B-C6D5-39C6-9F1C-B28405D4793A}</UniqueIdentifier>
    </Filter>
    <Filter Include="Source Files">
      <UniqueIdentifier>{FBA9E884-195D-3F91-AA60-F54934B65D85}</UniqueIdentifier>
    </Filter>
  </ItemGroup>
</Project>
